
Microsoft Visual Studio Solution File, Format Version 12.00
# Visual Studio 15
VisualStudioVersion = 15.0.28010.2050
MinimumVisualStudioVersion = 10.0.40219.1
Project("{FAE04EC0-301F-11D3-BF4B-00C04F79EFBC}") = "Proyecto1", "Proyecto1\Proyecto1.csproj", "{9D04A1C6-D79F-4973-BC84-1574586E6536}"
EndProject
Project("{FAE04EC0-301F-11D3-BF4B-00C04F79EFBC}") = "Proyecto1.Tests", "Proyecto1.Tests\Proyecto1.Tests.csproj", "{D9236163-4C20-4D06-ADB7-E067BD5C6868}"
EndProject
Global
	GlobalSection(SolutionConfigurationPlatforms) = preSolution
		Debug|Any CPU = Debug|Any CPU
		Release|Any CPU = Release|Any CPU
	EndGlobalSection
	GlobalSection(ProjectConfigurationPlatforms) = postSolution
		{9D04A1C6-D79F-4973-BC84-1574586E6536}.Debug|Any CPU.ActiveCfg = Debug|Any CPU
		{9D04A1C6-D79F-4973-BC84-1574586E6536}.Debug|Any CPU.Build.0 = Debug|Any CPU
		{9D04A1C6-D79F-4973-BC84-1574586E6536}.Release|Any CPU.ActiveCfg = Release|Any CPU
		{9D04A1C6-D79F-4973-BC84-1574586E6536}.Release|Any CPU.Build.0 = Release|Any CPU
		{D9236163-4C20-4D06-ADB7-E067BD5C6868}.Debug|Any CPU.ActiveCfg = Debug|Any CPU
		{D9236163-4C20-4D06-ADB7-E067BD5C6868}.Debug|Any CPU.Build.0 = Debug|Any CPU
		{D9236163-4C20-4D06-ADB7-E067BD5C6868}.Release|Any CPU.ActiveCfg = Release|Any CPU
		{D9236163-4C20-4D06-ADB7-E067BD5C6868}.Release|Any CPU.Build.0 = Release|Any CPU
	EndGlobalSection
	GlobalSection(SolutionProperties) = preSolution
		HideSolutionNode = FALSE
	EndGlobalSection
	GlobalSection(ExtensibilityGlobals) = postSolution
		SolutionGuid = {79C1C6A3-7351-4BA3-AA42-C4CF330BF4F1}
	EndGlobalSection
EndGlobal
